
Microsoft Visual Studio Solution File, Format Version 12.00
# Visual Studio Version 17
VisualStudioVersion = 17.7.34024.191
MinimumVisualStudioVersion = 10.0.40219.1
Project("{9A19103F-16F7-4668-BE54-9A1E7A4F7556}") = "BackupUniversalAnalytics", "BackupUniversalAnalytics.csproj", "{2A96CFAF-0C15-43CE-8175-92A8640B04EB}"
EndProject
Global
	GlobalSection(SolutionConfigurationPlatforms) = preSolution
		Debug|Any CPU = Debug|Any CPU
		Release|Any CPU = Release|Any CPU
	EndGlobalSection
	GlobalSection(ProjectConfigurationPlatforms) = postSolution
		{2A96CFAF-0C15-43CE-8175-92A8640B04EB}.Debug|Any CPU.ActiveCfg = Debug|Any CPU
		{2A96CFAF-0C15-43CE-8175-92A8640B04EB}.Debug|Any CPU.Build.0 = Debug|Any CPU
		{2A96CFAF-0C15-43CE-8175-92A8640B04EB}.Release|Any CPU.ActiveCfg = Release|Any CPU
		{2A96CFAF-0C15-43CE-8175-92A8640B04EB}.Release|Any CPU.Build.0 = Release|Any CPU
	EndGlobalSection
	GlobalSection(SolutionProperties) = preSolution
		HideSolutionNode = FALSE
	EndGlobalSection
	GlobalSection(ExtensibilityGlobals) = postSolution
		SolutionGuid = {8B48C236-E009-4430-8A50-93F4B5CF111C}
	EndGlobalSection
EndGlobal
